
Microsoft Visual Studio Solution File, Format Version 12.00
# Visual Studio Version 17
VisualStudioVersion = 17.5.33627.172
MinimumVisualStudioVersion = 10.0.40219.1
Project("{2150E333-8FDC-42A3-9474-1A3956D46DE8}") = "WebApps", "WebApps", "{161CE19D-4472-4D61-AAA0-597BC9781AC3}"
EndProject
Project("{9A19103F-16F7-4668-BE54-9A1E7A4F7556}") = "WebAggregator", "WebAggregator\WebAggregator.csproj", "{960D2A3D-8449-445B-92CB-50ECAC180741}"
EndProject
Project("{E53339B2-1760-4266-BCC7-CA923CBCF16C}") = "docker-compose", "docker-compose.dcproj", "{313C3B3A-C173-462A-A65D-0914164B8CF2}"
EndProject
Project("{9A19103F-16F7-4668-BE54-9A1E7A4F7556}") = "Catalog.API", "Services\Catalog\Catalog.API\Catalog.API.csproj", "{F4B6A66D-4E46-47DB-A208-F9C772776484}"
EndProject
Project("{9A19103F-16F7-4668-BE54-9A1E7A4F7556}") = "Catalog.UnitTests", "Services\Catalog\tests\Catalog.UnitTests\Catalog.UnitTests.csproj", "{239548F1-B765-42FB-8136-8458DCBC3688}"
EndProject
Project("{2150E333-8FDC-42A3-9474-1A3956D46DE8}") = "Services", "Services", "{1FACF950-687C-4B9F-B554-421AF6C8E261}"
EndProject
Project("{2150E333-8FDC-42A3-9474-1A3956D46DE8}") = "Catalog", "Catalog", "{EB561766-E339-4C15-8925-F12BB41470E2}"
EndProject
Project("{2150E333-8FDC-42A3-9474-1A3956D46DE8}") = "tests", "tests", "{23B1847D-D667-4F9C-B245-8E439EA80F6B}"
EndProject
Project("{9A19103F-16F7-4668-BE54-9A1E7A4F7556}") = "WebMVC", "WebApps\WebMVC\WebMVC.csproj", "{5ADB31FF-6708-4343-AB4D-27ABE3CE3921}"
EndProject
Project("{FAE04EC0-301F-11D3-BF4B-00C04F79EFBC}") = "Web.Domain", "Web.Domain\Web.Domain.csproj", "{2BAE9288-32DF-46D9-A212-C1331B6DDB51}"
EndProject
Project("{FAE04EC0-301F-11D3-BF4B-00C04F79EFBC}") = "Web.Infrastructure", "Web.Infrastructure\Web.Infrastructure.csproj", "{67FA8B21-0603-4E04-890C-83C2C8BFAC9C}"
EndProject
Project("{FAE04EC0-301F-11D3-BF4B-00C04F79EFBC}") = "Web.Application", "Web.Application\Web.Application.csproj", "{D4126572-1B13-4BED-8A13-339BA10C6198}"
EndProject
Project("{FAE04EC0-301F-11D3-BF4B-00C04F79EFBC}") = "Web.Persistence", "Web.Persistence\Web.Persistence.csproj", "{97928F2D-2D26-4C0F-AE2F-0E408480E22A}"
EndProject
Global
	GlobalSection(SolutionConfigurationPlatforms) = preSolution
		Debug|Any CPU = Debug|Any CPU
		Release|Any CPU = Release|Any CPU
	EndGlobalSection
	GlobalSection(ProjectConfigurationPlatforms) = postSolution
		{960D2A3D-8449-445B-92CB-50ECAC180741}.Debug|Any CPU.ActiveCfg = Debug|Any CPU
		{960D2A3D-8449-445B-92CB-50ECAC180741}.Debug|Any CPU.Build.0 = Debug|Any CPU
		{960D2A3D-8449-445B-92CB-50ECAC180741}.Release|Any CPU.ActiveCfg = Release|Any CPU
		{960D2A3D-8449-445B-92CB-50ECAC180741}.Release|Any CPU.Build.0 = Release|Any CPU
		{313C3B3A-C173-462A-A65D-0914164B8CF2}.Debug|Any CPU.ActiveCfg = Debug|Any CPU
		{313C3B3A-C173-462A-A65D-0914164B8CF2}.Debug|Any CPU.Build.0 = Debug|Any CPU
		{313C3B3A-C173-462A-A65D-0914164B8CF2}.Release|Any CPU.ActiveCfg = Release|Any CPU
		{313C3B3A-C173-462A-A65D-0914164B8CF2}.Release|Any CPU.Build.0 = Release|Any CPU
		{F4B6A66D-4E46-47DB-A208-F9C772776484}.Debug|Any CPU.ActiveCfg = Debug|Any CPU
		{F4B6A66D-4E46-47DB-A208-F9C772776484}.Debug|Any CPU.Build.0 = Debug|Any CPU
		{F4B6A66D-4E46-47DB-A208-F9C772776484}.Release|Any CPU.ActiveCfg = Release|Any CPU
		{F4B6A66D-4E46-47DB-A208-F9C772776484}.Release|Any CPU.Build.0 = Release|Any CPU
		{239548F1-B765-42FB-8136-8458DCBC3688}.Debug|Any CPU.ActiveCfg = Debug|Any CPU
		{239548F1-B765-42FB-8136-8458DCBC3688}.Debug|Any CPU.Build.0 = Debug|Any CPU
		{239548F1-B765-42FB-8136-8458DCBC3688}.Release|Any CPU.ActiveCfg = Release|Any CPU
		{239548F1-B765-42FB-8136-8458DCBC3688}.Release|Any CPU.Build.0 = Release|Any CPU
		{5ADB31FF-6708-4343-AB4D-27ABE3CE3921}.Debug|Any CPU.ActiveCfg = Debug|Any CPU
		{5ADB31FF-6708-4343-AB4D-27ABE3CE3921}.Debug|Any CPU.Build.0 = Debug|Any CPU
		{5ADB31FF-6708-4343-AB4D-27ABE3CE3921}.Release|Any CPU.ActiveCfg = Release|Any CPU
		{5ADB31FF-6708-4343-AB4D-27ABE3CE3921}.Release|Any CPU.Build.0 = Release|Any CPU
		{2BAE9288-32DF-46D9-A212-C1331B6DDB51}.Debug|Any CPU.ActiveCfg = Debug|Any CPU
		{2BAE9288-32DF-46D9-A212-C1331B6DDB51}.Debug|Any CPU.Build.0 = Debug|Any CPU
		{2BAE9288-32DF-46D9-A212-C1331B6DDB51}.Release|Any CPU.ActiveCfg = Release|Any CPU
		{2BAE9288-32DF-46D9-A212-C1331B6DDB51}.Release|Any CPU.Build.0 = Release|Any CPU
		{67FA8B21-0603-4E04-890C-83C2C8BFAC9C}.Debug|Any CPU.ActiveCfg = Debug|Any CPU
		{67FA8B21-0603-4E04-890C-83C2C8BFAC9C}.Debug|Any CPU.Build.0 = Debug|Any CPU
		{67FA8B21-0603-4E04-890C-83C2C8BFAC9C}.Release|Any CPU.ActiveCfg = Release|Any CPU
		{67FA8B21-0603-4E04-890C-83C2C8BFAC9C}.Release|Any CPU.Build.0 = Release|Any CPU
		{D4126572-1B13-4BED-8A13-339BA10C6198}.Debug|Any CPU.ActiveCfg = Debug|Any CPU
		{D4126572-1B13-4BED-8A13-339BA10C6198}.Debug|Any CPU.Build.0 = Debug|Any CPU
		{D4126572-1B13-4BED-8A13-339BA10C6198}.Release|Any CPU.ActiveCfg = Release|Any CPU
		{D4126572-1B13-4BED-8A13-339BA10C6198}.Release|Any CPU.Build.0 = Release|Any CPU
		{97928F2D-2D26-4C0F-AE2F-0E408480E22A}.Debug|Any CPU.ActiveCfg = Debug|Any CPU
		{97928F2D-2D26-4C0F-AE2F-0E408480E22A}.Debug|Any CPU.Build.0 = Debug|Any CPU
		{97928F2D-2D26-4C0F-AE2F-0E408480E22A}.Release|Any CPU.ActiveCfg = Release|Any CPU
		{97928F2D-2D26-4C0F-AE2F-0E408480E22A}.Release|Any CPU.Build.0 = Release|Any CPU
	EndGlobalSection
	GlobalSection(SolutionProperties) = preSolution
		HideSolutionNode = FALSE
	EndGlobalSection
	GlobalSection(NestedProjects) = preSolution
		{F4B6A66D-4E46-47DB-A208-F9C772776484} = {EB561766-E339-4C15-8925-F12BB41470E2}
		{239548F1-B765-42FB-8136-8458DCBC3688} = {23B1847D-D667-4F9C-B245-8E439EA80F6B}
		{EB561766-E339-4C15-8925-F12BB41470E2} = {1FACF950-687C-4B9F-B554-421AF6C8E261}
		{23B1847D-D667-4F9C-B245-8E439EA80F6B} = {EB561766-E339-4C15-8925-F12BB41470E2}
		{5ADB31FF-6708-4343-AB4D-27ABE3CE3921} = {161CE19D-4472-4D61-AAA0-597BC9781AC3}
	EndGlobalSection
	GlobalSection(ExtensibilityGlobals) = postSolution
		SolutionGuid = {051A895A-38E1-48CF-9DBC-71C1C3E6F080}
	EndGlobalSection
EndGlobal
