
Microsoft Visual Studio Solution File, Format Version 12.00
# Visual Studio Version 17
VisualStudioVersion = 17.5.33627.172
MinimumVisualStudioVersion = 10.0.40219.1
Project("{E53339B2-1760-4266-BCC7-CA923CBCF16C}") = "docker-compose", "docker-compose.dcproj", "{313C3B3A-C173-462A-A65D-0914164B8CF2}"
EndProject
Project("{9A19103F-16F7-4668-BE54-9A1E7A4F7556}") = "Catalog.API", "Services\Catalog\Catalog.API\Catalog.API.csproj", "{F4B6A66D-4E46-47DB-A208-F9C772776484}"
EndProject
Project("{9A19103F-16F7-4668-BE54-9A1E7A4F7556}") = "Catalog.UnitTests", "Services\Catalog\tests\Catalog.UnitTests\Catalog.UnitTests.csproj", "{239548F1-B765-42FB-8136-8458DCBC3688}"
EndProject
Project("{2150E333-8FDC-42A3-9474-1A3956D46DE8}") = "Services", "Services", "{1FACF950-687C-4B9F-B554-421AF6C8E261}"
EndProject
Project("{2150E333-8FDC-42A3-9474-1A3956D46DE8}") = "Catalog", "Catalog", "{EB561766-E339-4C15-8925-F12BB41470E2}"
EndProject
Project("{2150E333-8FDC-42A3-9474-1A3956D46DE8}") = "tests", "tests", "{23B1847D-D667-4F9C-B245-8E439EA80F6B}"
EndProject
Project("{9A19103F-16F7-4668-BE54-9A1E7A4F7556}") = "Web.Persistence", "Web.Persistence\Web.Persistence.csproj", "{DF8F88A1-5527-4FF7-AE7B-0F1696955101}"
EndProject
Project("{9A19103F-16F7-4668-BE54-9A1E7A4F7556}") = "Web.Application", "Web.Application\Web.Application.csproj", "{D471CF60-7449-4280-ACAA-175EF5A26E68}"
EndProject
Project("{9A19103F-16F7-4668-BE54-9A1E7A4F7556}") = "Web.Domain", "Web.Domain\Web.Domain.csproj", "{EFC1D979-A118-429C-B489-771CA663DBD0}"
EndProject
Project("{9A19103F-16F7-4668-BE54-9A1E7A4F7556}") = "Web.Infrastructure", "Web.Infrastructure\Web.Infrastructure.csproj", "{C608EEC8-98B5-4E7B-9A81-EFE9EAFA2521}"
EndProject
Project("{2150E333-8FDC-42A3-9474-1A3956D46DE8}") = "Tests", "Tests", "{B9BF35DA-05F7-4BF1-91FD-1062D229195F}"
EndProject
Project("{FAE04EC0-301F-11D3-BF4B-00C04F79EFBC}") = "Web.Application.UnitTests", "..\Web.Application.Tests\Web.Application.UnitTests.csproj", "{008F2A0A-7374-4E80-B8B0-22DF8CFA78C2}"
EndProject
Project("{2150E333-8FDC-42A3-9474-1A3956D46DE8}") = "WebMVC", "WebMVC", "{36D591C7-65C7-A0D1-1CBC-10CDE441BDC8}"
EndProject
Project("{FAE04EC0-301F-11D3-BF4B-00C04F79EFBC}") = "WebMVC", "Services\WebMVC\WebMVC.csproj", "{F740603A-A0D6-006E-E6D8-821FF45D9C66}"
EndProject
Global
	GlobalSection(SolutionConfigurationPlatforms) = preSolution
		Debug|Any CPU = Debug|Any CPU
		Release|Any CPU = Release|Any CPU
	EndGlobalSection
	GlobalSection(ProjectConfigurationPlatforms) = postSolution
		{313C3B3A-C173-462A-A65D-0914164B8CF2}.Debug|Any CPU.ActiveCfg = Debug|Any CPU
		{313C3B3A-C173-462A-A65D-0914164B8CF2}.Debug|Any CPU.Build.0 = Debug|Any CPU
		{313C3B3A-C173-462A-A65D-0914164B8CF2}.Release|Any CPU.ActiveCfg = Release|Any CPU
		{313C3B3A-C173-462A-A65D-0914164B8CF2}.Release|Any CPU.Build.0 = Release|Any CPU
		{F4B6A66D-4E46-47DB-A208-F9C772776484}.Debug|Any CPU.ActiveCfg = Debug|Any CPU
		{F4B6A66D-4E46-47DB-A208-F9C772776484}.Debug|Any CPU.Build.0 = Debug|Any CPU
		{F4B6A66D-4E46-47DB-A208-F9C772776484}.Release|Any CPU.ActiveCfg = Release|Any CPU
		{F4B6A66D-4E46-47DB-A208-F9C772776484}.Release|Any CPU.Build.0 = Release|Any CPU
		{239548F1-B765-42FB-8136-8458DCBC3688}.Debug|Any CPU.ActiveCfg = Debug|Any CPU
		{239548F1-B765-42FB-8136-8458DCBC3688}.Debug|Any CPU.Build.0 = Debug|Any CPU
		{239548F1-B765-42FB-8136-8458DCBC3688}.Release|Any CPU.ActiveCfg = Release|Any CPU
		{239548F1-B765-42FB-8136-8458DCBC3688}.Release|Any CPU.Build.0 = Release|Any CPU
		{DF8F88A1-5527-4FF7-AE7B-0F1696955101}.Debug|Any CPU.ActiveCfg = Debug|Any CPU
		{DF8F88A1-5527-4FF7-AE7B-0F1696955101}.Debug|Any CPU.Build.0 = Debug|Any CPU
		{DF8F88A1-5527-4FF7-AE7B-0F1696955101}.Release|Any CPU.ActiveCfg = Release|Any CPU
		{DF8F88A1-5527-4FF7-AE7B-0F1696955101}.Release|Any CPU.Build.0 = Release|Any CPU
		{D471CF60-7449-4280-ACAA-175EF5A26E68}.Debug|Any CPU.ActiveCfg = Debug|Any CPU
		{D471CF60-7449-4280-ACAA-175EF5A26E68}.Debug|Any CPU.Build.0 = Debug|Any CPU
		{D471CF60-7449-4280-ACAA-175EF5A26E68}.Release|Any CPU.ActiveCfg = Release|Any CPU
		{D471CF60-7449-4280-ACAA-175EF5A26E68}.Release|Any CPU.Build.0 = Release|Any CPU
		{EFC1D979-A118-429C-B489-771CA663DBD0}.Debug|Any CPU.ActiveCfg = Debug|Any CPU
		{EFC1D979-A118-429C-B489-771CA663DBD0}.Debug|Any CPU.Build.0 = Debug|Any CPU
		{EFC1D979-A118-429C-B489-771CA663DBD0}.Release|Any CPU.ActiveCfg = Release|Any CPU
		{EFC1D979-A118-429C-B489-771CA663DBD0}.Release|Any CPU.Build.0 = Release|Any CPU
		{C608EEC8-98B5-4E7B-9A81-EFE9EAFA2521}.Debug|Any CPU.ActiveCfg = Debug|Any CPU
		{C608EEC8-98B5-4E7B-9A81-EFE9EAFA2521}.Debug|Any CPU.Build.0 = Debug|Any CPU
		{C608EEC8-98B5-4E7B-9A81-EFE9EAFA2521}.Release|Any CPU.ActiveCfg = Release|Any CPU
		{C608EEC8-98B5-4E7B-9A81-EFE9EAFA2521}.Release|Any CPU.Build.0 = Release|Any CPU
		{008F2A0A-7374-4E80-B8B0-22DF8CFA78C2}.Debug|Any CPU.ActiveCfg = Debug|Any CPU
		{008F2A0A-7374-4E80-B8B0-22DF8CFA78C2}.Debug|Any CPU.Build.0 = Debug|Any CPU
		{008F2A0A-7374-4E80-B8B0-22DF8CFA78C2}.Release|Any CPU.ActiveCfg = Release|Any CPU
		{008F2A0A-7374-4E80-B8B0-22DF8CFA78C2}.Release|Any CPU.Build.0 = Release|Any CPU
		{F740603A-A0D6-006E-E6D8-821FF45D9C66}.Debug|Any CPU.ActiveCfg = Debug|Any CPU
		{F740603A-A0D6-006E-E6D8-821FF45D9C66}.Debug|Any CPU.Build.0 = Debug|Any CPU
		{F740603A-A0D6-006E-E6D8-821FF45D9C66}.Release|Any CPU.ActiveCfg = Release|Any CPU
		{F740603A-A0D6-006E-E6D8-821FF45D9C66}.Release|Any CPU.Build.0 = Release|Any CPU
	EndGlobalSection
	GlobalSection(SolutionProperties) = preSolution
		HideSolutionNode = FALSE
	EndGlobalSection
	GlobalSection(NestedProjects) = preSolution
		{F4B6A66D-4E46-47DB-A208-F9C772776484} = {EB561766-E339-4C15-8925-F12BB41470E2}
		{239548F1-B765-42FB-8136-8458DCBC3688} = {23B1847D-D667-4F9C-B245-8E439EA80F6B}
		{EB561766-E339-4C15-8925-F12BB41470E2} = {1FACF950-687C-4B9F-B554-421AF6C8E261}
		{23B1847D-D667-4F9C-B245-8E439EA80F6B} = {EB561766-E339-4C15-8925-F12BB41470E2}
		{008F2A0A-7374-4E80-B8B0-22DF8CFA78C2} = {B9BF35DA-05F7-4BF1-91FD-1062D229195F}
		{36D591C7-65C7-A0D1-1CBC-10CDE441BDC8} = {1FACF950-687C-4B9F-B554-421AF6C8E261}
		{F740603A-A0D6-006E-E6D8-821FF45D9C66} = {36D591C7-65C7-A0D1-1CBC-10CDE441BDC8}
	EndGlobalSection
	GlobalSection(ExtensibilityGlobals) = postSolution
		SolutionGuid = {051A895A-38E1-48CF-9DBC-71C1C3E6F080}
	EndGlobalSection
EndGlobal
